// !$*UTF8*$!
{
	archiveVersion = 1;
	classes = {
	};
	objectVersion = 56;
	objects = {

/* Begin PBXBuildFile section */
		9E2190D52B216C570059A05D /* DataBindingViewModel.swift in Sources */ = {isa = PBXBuildFile; fileRef = 9E2190D42B216C570059A05D /* DataBindingViewModel.swift */; };
		9E2190D82B21B3DF0059A05D /* Article.swift in Sources */ = {isa = PBXBuildFile; fileRef = 9E2190D72B21B3DF0059A05D /* Article.swift */; };
		9E2190DA2B21B4CE0059A05D /* ArticleView.swift in Sources */ = {isa = PBXBuildFile; fileRef = 9E2190D92B21B4CE0059A05D /* ArticleView.swift */; };
		9E2190DC2B21B5D70059A05D /* ArticleListView.swift in Sources */ = {isa = PBXBuildFile; fileRef = 9E2190DB2B21B5D70059A05D /* ArticleListView.swift */; };
		9E2190DE2B21B76A0059A05D /* ArticleTabBarView.swift in Sources */ = {isa = PBXBuildFile; fileRef = 9E2190DD2B21B76A0059A05D /* ArticleTabBarView.swift */; };
		9E563C952B144797000027FA /* ColorExt.swift in Sources */ = {isa = PBXBuildFile; fileRef = 9E563C942B144797000027FA /* ColorExt.swift */; };
		9E563C972B144863000027FA /* ProgressView.swift in Sources */ = {isa = PBXBuildFile; fileRef = 9E563C962B144863000027FA /* ProgressView.swift */; };
		9E563C992B14BEAC000027FA /* LoadingView.swift in Sources */ = {isa = PBXBuildFile; fileRef = 9E563C982B14BEAC000027FA /* LoadingView.swift */; };
		9E5B36A32AE8FA6F00AB9A85 /* SwiftUIDemoApp.swift in Sources */ = {isa = PBXBuildFile; fileRef = 9E5B36A22AE8FA6F00AB9A85 /* SwiftUIDemoApp.swift */; };
		9E5B36A52AE8FA6F00AB9A85 /* ContentView.swift in Sources */ = {isa = PBXBuildFile; fileRef = 9E5B36A42AE8FA6F00AB9A85 /* ContentView.swift */; };
		9E5B36A72AE8FA7100AB9A85 /* Assets.xcassets in Resources */ = {isa = PBXBuildFile; fileRef = 9E5B36A62AE8FA7100AB9A85 /* Assets.xcassets */; };
		9E5B36AB2AE8FA7100AB9A85 /* Preview Assets.xcassets in Resources */ = {isa = PBXBuildFile; fileRef = 9E5B36AA2AE8FA7100AB9A85 /* Preview Assets.xcassets */; };
		9E5B36B52AE8FA7100AB9A85 /* SwiftUIDemoTests.swift in Sources */ = {isa = PBXBuildFile; fileRef = 9E5B36B42AE8FA7100AB9A85 /* SwiftUIDemoTests.swift */; };
		9E5B36BF2AE8FA7100AB9A85 /* SwiftUIDemoUITests.swift in Sources */ = {isa = PBXBuildFile; fileRef = 9E5B36BE2AE8FA7100AB9A85 /* SwiftUIDemoUITests.swift */; };
		9E5B36C12AE8FA7100AB9A85 /* SwiftUIDemoUITestsLaunchTests.swift in Sources */ = {isa = PBXBuildFile; fileRef = 9E5B36C02AE8FA7100AB9A85 /* SwiftUIDemoUITestsLaunchTests.swift */; };
		9ED97DF92B21668400031EFE /* DataBindingView.swift in Sources */ = {isa = PBXBuildFile; fileRef = 9ED97DF82B21668400031EFE /* DataBindingView.swift */; };
		9EDCE68B2AFB30F50065988F /* TODOSwiftUIView.swift in Sources */ = {isa = PBXBuildFile; fileRef = 9EDCE68A2AFB30F50065988F /* TODOSwiftUIView.swift */; };
		9EF33F6F2B0DE6FD00C326E6 /* AppStoreSwiftUIView.swift in Sources */ = {isa = PBXBuildFile; fileRef = 9EF33F6E2B0DE6FD00C326E6 /* AppStoreSwiftUIView.swift */; };
/* End PBXBuildFile section */

/* Begin PBXContainerItemProxy section */
		9E5B36B12AE8FA7100AB9A85 /* PBXContainerItemProxy */ = {
			isa = PBXContainerItemProxy;
			containerPortal = 9E5B36972AE8FA6F00AB9A85 /* Project object */;
			proxyType = 1;
			remoteGlobalIDString = 9E5B369E2AE8FA6F00AB9A85;
			remoteInfo = SwiftUIDemo;
		};
		9E5B36BB2AE8FA7100AB9A85 /* PBXContainerItemProxy */ = {
			isa = PBXContainerItemProxy;
			containerPortal = 9E5B36972AE8FA6F00AB9A85 /* Project object */;
			proxyType = 1;
			remoteGlobalIDString = 9E5B369E2AE8FA6F00AB9A85;
			remoteInfo = SwiftUIDemo;
		};
/* End PBXContainerItemProxy section */

/* Begin PBXFileReference section */
		9E2190D42B216C570059A05D /* DataBindingViewModel.swift */ = {isa = PBXFileReference; lastKnownFileType = sourcecode.swift; path = DataBindingViewModel.swift; sourceTree = "<group>"; };
		9E2190D72B21B3DF0059A05D /* Article.swift */ = {isa = PBXFileReference; lastKnownFileType = sourcecode.swift; path = Article.swift; sourceTree = "<group>"; };
		9E2190D92B21B4CE0059A05D /* ArticleView.swift */ = {isa = PBXFileReference; lastKnownFileType = sourcecode.swift; path = ArticleView.swift; sourceTree = "<group>"; };
		9E2190DB2B21B5D70059A05D /* ArticleListView.swift */ = {isa = PBXFileReference; lastKnownFileType = sourcecode.swift; path = ArticleListView.swift; sourceTree = "<group>"; };
		9E2190DD2B21B76A0059A05D /* ArticleTabBarView.swift */ = {isa = PBXFileReference; lastKnownFileType = sourcecode.swift; path = ArticleTabBarView.swift; sourceTree = "<group>"; };
		9E563C942B144797000027FA /* ColorExt.swift */ = {isa = PBXFileReference; lastKnownFileType = sourcecode.swift; path = ColorExt.swift; sourceTree = "<group>"; };
		9E563C962B144863000027FA /* ProgressView.swift */ = {isa = PBXFileReference; lastKnownFileType = sourcecode.swift; path = ProgressView.swift; sourceTree = "<group>"; };
		9E563C982B14BEAC000027FA /* LoadingView.swift */ = {isa = PBXFileReference; lastKnownFileType = sourcecode.swift; path = LoadingView.swift; sourceTree = "<group>"; };
		9E5B369F2AE8FA6F00AB9A85 /* SwiftUIDemo.app */ = {isa = PBXFileReference; explicitFileType = wrapper.application; includeInIndex = 0; path = SwiftUIDemo.app; sourceTree = BUILT_PRODUCTS_DIR; };
		9E5B36A22AE8FA6F00AB9A85 /* SwiftUIDemoApp.swift */ = {isa = PBXFileReference; lastKnownFileType = sourcecode.swift; path = SwiftUIDemoApp.swift; sourceTree = "<group>"; };
		9E5B36A42AE8FA6F00AB9A85 /* ContentView.swift */ = {isa = PBXFileReference; lastKnownFileType = sourcecode.swift; path = ContentView.swift; sourceTree = "<group>"; };
		9E5B36A62AE8FA7100AB9A85 /* Assets.xcassets */ = {isa = PBXFileReference; lastKnownFileType = folder.assetcatalog; path = Assets.xcassets; sourceTree = "<group>"; };
		9E5B36A82AE8FA7100AB9A85 /* SwiftUIDemo.entitlements */ = {isa = PBXFileReference; lastKnownFileType = text.plist.entitlements; path = SwiftUIDemo.entitlements; sourceTree = "<group>"; };
		9E5B36AA2AE8FA7100AB9A85 /* Preview Assets.xcassets */ = {isa = PBXFileReference; lastKnownFileType = folder.assetcatalog; path = "Preview Assets.xcassets"; sourceTree = "<group>"; };
		9E5B36B02AE8FA7100AB9A85 /* SwiftUIDemoTests.xctest */ = {isa = PBXFileReference; explicitFileType = wrapper.cfbundle; includeInIndex = 0; path = SwiftUIDemoTests.xctest; sourceTree = BUILT_PRODUCTS_DIR; };
		9E5B36B42AE8FA7100AB9A85 /* SwiftUIDemoTests.swift */ = {isa = PBXFileReference; lastKnownFileType = sourcecode.swift; path = SwiftUIDemoTests.swift; sourceTree = "<group>"; };
		9E5B36BA2AE8FA7100AB9A85 /* SwiftUIDemoUITests.xctest */ = {isa = PBXFileReference; explicitFileType = wrapper.cfbundle; includeInIndex = 0; path = SwiftUIDemoUITests.xctest; sourceTree = BUILT_PRODUCTS_DIR; };
		9E5B36BE2AE8FA7100AB9A85 /* SwiftUIDemoUITests.swift */ = {isa = PBXFileReference; lastKnownFileType = sourcecode.swift; path = SwiftUIDemoUITests.swift; sourceTree = "<group>"; };
		9E5B36C02AE8FA7100AB9A85 /* SwiftUIDemoUITestsLaunchTests.swift */ = {isa = PBXFileReference; lastKnownFileType = sourcecode.swift; path = SwiftUIDemoUITestsLaunchTests.swift; sourceTree = "<group>"; };
		9ED97DF82B21668400031EFE /* DataBindingView.swift */ = {isa = PBXFileReference; lastKnownFileType = sourcecode.swift; path = DataBindingView.swift; sourceTree = "<group>"; };
		9EDCE68A2AFB30F50065988F /* TODOSwiftUIView.swift */ = {isa = PBXFileReference; lastKnownFileType = sourcecode.swift; path = TODOSwiftUIView.swift; sourceTree = "<group>"; };
		9EF33F6E2B0DE6FD00C326E6 /* AppStoreSwiftUIView.swift */ = {isa = PBXFileReference; lastKnownFileType = sourcecode.swift; path = AppStoreSwiftUIView.swift; sourceTree = "<group>"; };
/* End PBXFileReference section */

/* Begin PBXFrameworksBuildPhase section */
		9E5B369C2AE8FA6F00AB9A85 /* Frameworks */ = {
			isa = PBXFrameworksBuildPhase;
			buildActionMask = 2147483647;
			files = (
			);
			runOnlyForDeploymentPostprocessing = 0;
		};
		9E5B36AD2AE8FA7100AB9A85 /* Frameworks */ = {
			isa = PBXFrameworksBuildPhase;
			buildActionMask = 2147483647;
			files = (
			);
			runOnlyForDeploymentPostprocessing = 0;
		};
		9E5B36B72AE8FA7100AB9A85 /* Frameworks */ = {
			isa = PBXFrameworksBuildPhase;
			buildActionMask = 2147483647;
			files = (
			);
			runOnlyForDeploymentPostprocessing = 0;
		};
/* End PBXFrameworksBuildPhase section */

/* Begin PBXGroup section */
		9E2190D62B21B3A70059A05D /* ArticleReader */ = {
			isa = PBXGroup;
			children = (
				9E2190D72B21B3DF0059A05D /* Article.swift */,
				9E2190D92B21B4CE0059A05D /* ArticleView.swift */,
				9E2190DB2B21B5D70059A05D /* ArticleListView.swift */,
				9E2190DD2B21B76A0059A05D /* ArticleTabBarView.swift */,
			);
			path = ArticleReader;
			sourceTree = "<group>";
		};
		9E563C932B144757000027FA /* ProgressView */ = {
			isa = PBXGroup;
			children = (
				9E563C942B144797000027FA /* ColorExt.swift */,
				9E563C962B144863000027FA /* ProgressView.swift */,
				9E563C982B14BEAC000027FA /* LoadingView.swift */,
			);
			path = ProgressView;
			sourceTree = "<group>";
		};
		9E5B36962AE8FA6F00AB9A85 = {
			isa = PBXGroup;
			children = (
				9E5B36A12AE8FA6F00AB9A85 /* SwiftUIDemo */,
				9E5B36B32AE8FA7100AB9A85 /* SwiftUIDemoTests */,
				9E5B36BD2AE8FA7100AB9A85 /* SwiftUIDemoUITests */,
				9E5B36A02AE8FA6F00AB9A85 /* Products */,
			);
			sourceTree = "<group>";
		};
		9E5B36A02AE8FA6F00AB9A85 /* Products */ = {
			isa = PBXGroup;
			children = (
				9E5B369F2AE8FA6F00AB9A85 /* SwiftUIDemo.app */,
				9E5B36B02AE8FA7100AB9A85 /* SwiftUIDemoTests.xctest */,
				9E5B36BA2AE8FA7100AB9A85 /* SwiftUIDemoUITests.xctest */,
			);
			name = Products;
			sourceTree = "<group>";
		};
		9E5B36A12AE8FA6F00AB9A85 /* SwiftUIDemo */ = {
			isa = PBXGroup;
			children = (
				9E2190D62B21B3A70059A05D /* ArticleReader */,
				9ED97DF72B21665D00031EFE /* DataBinding */,
				9E563C932B144757000027FA /* ProgressView */,
				9EF33F6E2B0DE6FD00C326E6 /* AppStoreSwiftUIView.swift */,
				9EDCE68A2AFB30F50065988F /* TODOSwiftUIView.swift */,
				9E5B36A22AE8FA6F00AB9A85 /* SwiftUIDemoApp.swift */,
				9E5B36A42AE8FA6F00AB9A85 /* ContentView.swift */,
				9E5B36A62AE8FA7100AB9A85 /* Assets.xcassets */,
				9E5B36A82AE8FA7100AB9A85 /* SwiftUIDemo.entitlements */,
				9E5B36A92AE8FA7100AB9A85 /* Preview Content */,
			);
			path = SwiftUIDemo;
			sourceTree = "<group>";
		};
		9E5B36A92AE8FA7100AB9A85 /* Preview Content */ = {
			isa = PBXGroup;
			children = (
				9E5B36AA2AE8FA7100AB9A85 /* Preview Assets.xcassets */,
			);
			path = "Preview Content";
			sourceTree = "<group>";
		};
		9E5B36B32AE8FA7100AB9A85 /* SwiftUIDemoTests */ = {
			isa = PBXGroup;
			children = (
				9E5B36B42AE8FA7100AB9A85 /* SwiftUIDemoTests.swift */,
			);
			path = SwiftUIDemoTests;
			sourceTree = "<group>";
		};
		9E5B36BD2AE8FA7100AB9A85 /* SwiftUIDemoUITests */ = {
			isa = PBXGroup;
			children = (
				9E5B36BE2AE8FA7100AB9A85 /* SwiftUIDemoUITests.swift */,
				9E5B36C02AE8FA7100AB9A85 /* SwiftUIDemoUITestsLaunchTests.swift */,
			);
			path = SwiftUIDemoUITests;
			sourceTree = "<group>";
		};
		9ED97DF72B21665D00031EFE /* DataBinding */ = {
			isa = PBXGroup;
			children = (
				9ED97DF82B21668400031EFE /* DataBindingView.swift */,
				9E2190D42B216C570059A05D /* DataBindingViewModel.swift */,
			);
			path = DataBinding;
			sourceTree = "<group>";
		};
/* End PBXGroup section */

/* Begin PBXNativeTarget section */
		9E5B369E2AE8FA6F00AB9A85 /* SwiftUIDemo */ = {
			isa = PBXNativeTarget;
			buildConfigurationList = 9E5B36C42AE8FA7100AB9A85 /* Build configuration list for PBXNativeTarget "SwiftUIDemo" */;
			buildPhases = (
				9E5B369B2AE8FA6F00AB9A85 /* Sources */,
				9E5B369C2AE8FA6F00AB9A85 /* Frameworks */,
				9E5B369D2AE8FA6F00AB9A85 /* Resources */,
			);
			buildRules = (
			);
			dependencies = (
			);
			name = SwiftUIDemo;
			productName = SwiftUIDemo;
			productReference = 9E5B369F2AE8FA6F00AB9A85 /* SwiftUIDemo.app */;
			productType = "com.apple.product-type.application";
		};
		9E5B36AF2AE8FA7100AB9A85 /* SwiftUIDemoTests */ = {
			isa = PBXNativeTarget;
			buildConfigurationList = 9E5B36C72AE8FA7100AB9A85 /* Build configuration list for PBXNativeTarget "SwiftUIDemoTests" */;
			buildPhases = (
				9E5B36AC2AE8FA7100AB9A85 /* Sources */,
				9E5B36AD2AE8FA7100AB9A85 /* Frameworks */,
				9E5B36AE2AE8FA7100AB9A85 /* Resources */,
			);
			buildRules = (
			);
			dependencies = (
				9E5B36B22AE8FA7100AB9A85 /* PBXTargetDependency */,
			);
			name = SwiftUIDemoTests;
			productName = SwiftUIDemoTests;
			productReference = 9E5B36B02AE8FA7100AB9A85 /* SwiftUIDemoTests.xctest */;
			productType = "com.apple.product-type.bundle.unit-test";
		};
		9E5B36B92AE8FA7100AB9A85 /* SwiftUIDemoUITests */ = {
			isa = PBXNativeTarget;
			buildConfigurationList = 9E5B36CA2AE8FA7100AB9A85 /* Build configuration list for PBXNativeTarget "SwiftUIDemoUITests" */;
			buildPhases = (
				9E5B36B62AE8FA7100AB9A85 /* Sources */,
				9E5B36B72AE8FA7100AB9A85 /* Frameworks */,
				9E5B36B82AE8FA7100AB9A85 /* Resources */,
			);
			buildRules = (
			);
			dependencies = (
				9E5B36BC2AE8FA7100AB9A85 /* PBXTargetDependency */,
			);
			name = SwiftUIDemoUITests;
			productName = SwiftUIDemoUITests;
			productReference = 9E5B36BA2AE8FA7100AB9A85 /* SwiftUIDemoUITests.xctest */;
			productType = "com.apple.product-type.bundle.ui-testing";
		};
/* End PBXNativeTarget section */

/* Begin PBXProject section */
		9E5B36972AE8FA6F00AB9A85 /* Project object */ = {
			isa = PBXProject;
			attributes = {
				BuildIndependentTargetsInParallel = 1;
				LastSwiftUpdateCheck = 1430;
				LastUpgradeCheck = 1500;
				TargetAttributes = {
					9E5B369E2AE8FA6F00AB9A85 = {
						CreatedOnToolsVersion = 14.3.1;
					};
					9E5B36AF2AE8FA7100AB9A85 = {
						CreatedOnToolsVersion = 14.3.1;
						TestTargetID = 9E5B369E2AE8FA6F00AB9A85;
					};
					9E5B36B92AE8FA7100AB9A85 = {
						CreatedOnToolsVersion = 14.3.1;
						TestTargetID = 9E5B369E2AE8FA6F00AB9A85;
					};
				};
			};
			buildConfigurationList = 9E5B369A2AE8FA6F00AB9A85 /* Build configuration list for PBXProject "SwiftUIDemo" */;
			compatibilityVersion = "Xcode 14.0";
			developmentRegion = en;
			hasScannedForEncodings = 0;
			knownRegions = (
				en,
				Base,
			);
			mainGroup = 9E5B36962AE8FA6F00AB9A85;
			productRefGroup = 9E5B36A02AE8FA6F00AB9A85 /* Products */;
			projectDirPath = "";
			projectRoot = "";
			targets = (
				9E5B369E2AE8FA6F00AB9A85 /* SwiftUIDemo */,
				9E5B36AF2AE8FA7100AB9A85 /* SwiftUIDemoTests */,
				9E5B36B92AE8FA7100AB9A85 /* SwiftUIDemoUITests */,
			);
		};
/* End PBXProject section */

/* Begin PBXResourcesBuildPhase section */
		9E5B369D2AE8FA6F00AB9A85 /* Resources */ = {
			isa = PBXResourcesBuildPhase;
			buildActionMask = 2147483647;
			files = (
				9E5B36AB2AE8FA7100AB9A85 /* Preview Assets.xcassets in Resources */,
				9E5B36A72AE8FA7100AB9A85 /* Assets.xcassets in Resources */,
			);
			runOnlyForDeploymentPostprocessing = 0;
		};
		9E5B36AE2AE8FA7100AB9A85 /* Resources */ = {
			isa = PBXResourcesBuildPhase;
			buildActionMask = 2147483647;
			files = (
			);
			runOnlyForDeploymentPostprocessing = 0;
		};
		9E5B36B82AE8FA7100AB9A85 /* Resources */ = {
			isa = PBXResourcesBuildPhase;
			buildActionMask = 2147483647;
			files = (
			);
			runOnlyForDeploymentPostprocessing = 0;
		};
/* End PBXResourcesBuildPhase section */

/* Begin PBXSourcesBuildPhase section */
		9E5B369B2AE8FA6F00AB9A85 /* Sources */ = {
			isa = PBXSourcesBuildPhase;
			buildActionMask = 2147483647;
			files = (
				9ED97DF92B21668400031EFE /* DataBindingView.swift in Sources */,
				9E2190D52B216C570059A05D /* DataBindingViewModel.swift in Sources */,
				9EF33F6F2B0DE6FD00C326E6 /* AppStoreSwiftUIView.swift in Sources */,
				9E563C952B144797000027FA /* ColorExt.swift in Sources */,
				9E2190D82B21B3DF0059A05D /* Article.swift in Sources */,
				9EDCE68B2AFB30F50065988F /* TODOSwiftUIView.swift in Sources */,
				9E5B36A52AE8FA6F00AB9A85 /* ContentView.swift in Sources */,
				9E2190DC2B21B5D70059A05D /* ArticleListView.swift in Sources */,
				9E5B36A32AE8FA6F00AB9A85 /* SwiftUIDemoApp.swift in Sources */,
				9E563C992B14BEAC000027FA /* LoadingView.swift in Sources */,
				9E2190DE2B21B76A0059A05D /* ArticleTabBarView.swift in Sources */,
				9E563C972B144863000027FA /* ProgressView.swift in Sources */,
				9E2190DA2B21B4CE0059A05D /* ArticleView.swift in Sources */,
			);
			runOnlyForDeploymentPostprocessing = 0;
		};
		9E5B36AC2AE8FA7100AB9A85 /* Sources */ = {
			isa = PBXSourcesBuildPhase;
			buildActionMask = 2147483647;
			files = (
				9E5B36B52AE8FA7100AB9A85 /* SwiftUIDemoTests.swift in Sources */,
			);
			runOnlyForDeploymentPostprocessing = 0;
		};
		9E5B36B62AE8FA7100AB9A85 /* Sources */ = {
			isa = PBXSourcesBuildPhase;
			buildActionMask = 2147483647;
			files = (
				9E5B36BF2AE8FA7100AB9A85 /* SwiftUIDemoUITests.swift in Sources */,
				9E5B36C12AE8FA7100AB9A85 /* SwiftUIDemoUITestsLaunchTests.swift in Sources */,
			);
			runOnlyForDeploymentPostprocessing = 0;
		};
/* End PBXSourcesBuildPhase section */

/* Begin PBXTargetDependency section */
		9E5B36B22AE8FA7100AB9A85 /* PBXTargetDependency */ = {
			isa = PBXTargetDependency;
			target = 9E5B369E2AE8FA6F00AB9A85 /* SwiftUIDemo */;
			targetProxy = 9E5B36B12AE8FA7100AB9A85 /* PBXContainerItemProxy */;
		};
		9E5B36BC2AE8FA7100AB9A85 /* PBXTargetDependency */ = {
			isa = PBXTargetDependency;
			target = 9E5B369E2AE8FA6F00AB9A85 /* SwiftUIDemo */;
			targetProxy = 9E5B36BB2AE8FA7100AB9A85 /* PBXContainerItemProxy */;
		};
/* End PBXTargetDependency section */

/* Begin XCBuildConfiguration section */
		9E5B36C22AE8FA7100AB9A85 /* Debug */ = {
			isa = XCBuildConfiguration;
			buildSettings = {
				ALWAYS_SEARCH_USER_PATHS = NO;
				CLANG_ANALYZER_NONNULL = YES;
				CLANG_ANALYZER_NUMBER_OBJECT_CONVERSION = YES_AGGRESSIVE;
				CLANG_CXX_LANGUAGE_STANDARD = "gnu++20";
				CLANG_ENABLE_MODULES = YES;
				CLANG_ENABLE_OBJC_ARC = YES;
				CLANG_ENABLE_OBJC_WEAK = YES;
				CLANG_WARN_BLOCK_CAPTURE_AUTORELEASING = YES;
				CLANG_WARN_BOOL_CONVERSION = YES;
				CLANG_WARN_COMMA = YES;
				CLANG_WARN_CONSTANT_CONVERSION = YES;
				CLANG_WARN_DEPRECATED_OBJC_IMPLEMENTATIONS = YES;
				CLANG_WARN_DIRECT_OBJC_ISA_USAGE = YES_ERROR;
				CLANG_WARN_DOCUMENTATION_COMMENTS = YES;
				CLANG_WARN_EMPTY_BODY = YES;
				CLANG_WARN_ENUM_CONVERSION = YES;
				CLANG_WARN_INFINITE_RECURSION = YES;
				CLANG_WARN_INT_CONVERSION = YES;
				CLANG_WARN_NON_LITERAL_NULL_CONVERSION = YES;
				CLANG_WARN_OBJC_IMPLICIT_RETAIN_SELF = YES;
				CLANG_WARN_OBJC_LITERAL_CONVERSION = YES;
				CLANG_WARN_OBJC_ROOT_CLASS = YES_ERROR;
				CLANG_WARN_QUOTED_INCLUDE_IN_FRAMEWORK_HEADER = YES;
				CLANG_WARN_RANGE_LOOP_ANALYSIS = YES;
				CLANG_WARN_STRICT_PROTOTYPES = YES;
				CLANG_WARN_SUSPICIOUS_MOVE = YES;
				CLANG_WARN_UNGUARDED_AVAILABILITY = YES_AGGRESSIVE;
				CLANG_WARN_UNREACHABLE_CODE = YES;
				CLANG_WARN__DUPLICATE_METHOD_MATCH = YES;
				COPY_PHASE_STRIP = NO;
				DEAD_CODE_STRIPPING = YES;
				DEBUG_INFORMATION_FORMAT = dwarf;
				ENABLE_STRICT_OBJC_MSGSEND = YES;
				ENABLE_TESTABILITY = YES;
				ENABLE_USER_SCRIPT_SANDBOXING = YES;
				GCC_C_LANGUAGE_STANDARD = gnu11;
				GCC_DYNAMIC_NO_PIC = NO;
				GCC_NO_COMMON_BLOCKS = YES;
				GCC_OPTIMIZATION_LEVEL = 0;
				GCC_PREPROCESSOR_DEFINITIONS = (
					"DEBUG=1",
					"$(inherited)",
				);
				GCC_WARN_64_TO_32_BIT_CONVERSION = YES;
				GCC_WARN_ABOUT_RETURN_TYPE = YES_ERROR;
				GCC_WARN_UNDECLARED_SELECTOR = YES;
				GCC_WARN_UNINITIALIZED_AUTOS = YES_AGGRESSIVE;
				GCC_WARN_UNUSED_FUNCTION = YES;
				GCC_WARN_UNUSED_VARIABLE = YES;
				MTL_ENABLE_DEBUG_INFO = INCLUDE_SOURCE;
				MTL_FAST_MATH = YES;
				ONLY_ACTIVE_ARCH = YES;
				SWIFT_ACTIVE_COMPILATION_CONDITIONS = DEBUG;
				SWIFT_OPTIMIZATION_LEVEL = "-Onone";
			};
			name = Debug;
		};
		9E5B36C32AE8FA7100AB9A85 /* Release */ = {
			isa = XCBuildConfiguration;
			buildSettings = {
				ALWAYS_SEARCH_USER_PATHS = NO;
				CLANG_ANALYZER_NONNULL = YES;
				CLANG_ANALYZER_NUMBER_OBJECT_CONVERSION = YES_AGGRESSIVE;
				CLANG_CXX_LANGUAGE_STANDARD = "gnu++20";
				CLANG_ENABLE_MODULES = YES;
				CLANG_ENABLE_OBJC_ARC = YES;
				CLANG_ENABLE_OBJC_WEAK = YES;
				CLANG_WARN_BLOCK_CAPTURE_AUTORELEASING = YES;
				CLANG_WARN_BOOL_CONVERSION = YES;
				CLANG_WARN_COMMA = YES;
				CLANG_WARN_CONSTANT_CONVERSION = YES;
				CLANG_WARN_DEPRECATED_OBJC_IMPLEMENTATIONS = YES;
				CLANG_WARN_DIRECT_OBJC_ISA_USAGE = YES_ERROR;
				CLANG_WARN_DOCUMENTATION_COMMENTS = YES;
				CLANG_WARN_EMPTY_BODY = YES;
				CLANG_WARN_ENUM_CONVERSION = YES;
				CLANG_WARN_INFINITE_RECURSION = YES;
				CLANG_WARN_INT_CONVERSION = YES;
				CLANG_WARN_NON_LITERAL_NULL_CONVERSION = YES;
				CLANG_WARN_OBJC_IMPLICIT_RETAIN_SELF = YES;
				CLANG_WARN_OBJC_LITERAL_CONVERSION = YES;
				CLANG_WARN_OBJC_ROOT_CLASS = YES_ERROR;
				CLANG_WARN_QUOTED_INCLUDE_IN_FRAMEWORK_HEADER = YES;
				CLANG_WARN_RANGE_LOOP_ANALYSIS = YES;
				CLANG_WARN_STRICT_PROTOTYPES = YES;
				CLANG_WARN_SUSPICIOUS_MOVE = YES;
				CLANG_WARN_UNGUARDED_AVAILABILITY = YES_AGGRESSIVE;
				CLANG_WARN_UNREACHABLE_CODE = YES;
				CLANG_WARN__DUPLICATE_METHOD_MATCH = YES;
				COPY_PHASE_STRIP = NO;
				DEAD_CODE_STRIPPING = YES;
				DEBUG_INFORMATION_FORMAT = "dwarf-with-dsym";
				ENABLE_NS_ASSERTIONS = NO;
				ENABLE_STRICT_OBJC_MSGSEND = YES;
				ENABLE_USER_SCRIPT_SANDBOXING = YES;
				GCC_C_LANGUAGE_STANDARD = gnu11;
				GCC_NO_COMMON_BLOCKS = YES;
				GCC_WARN_64_TO_32_BIT_CONVERSION = YES;
				GCC_WARN_ABOUT_RETURN_TYPE = YES_ERROR;
				GCC_WARN_UNDECLARED_SELECTOR = YES;
				GCC_WARN_UNINITIALIZED_AUTOS = YES_AGGRESSIVE;
				GCC_WARN_UNUSED_FUNCTION = YES;
				GCC_WARN_UNUSED_VARIABLE = YES;
				MTL_ENABLE_DEBUG_INFO = NO;
				MTL_FAST_MATH = YES;
				SWIFT_COMPILATION_MODE = wholemodule;
				SWIFT_OPTIMIZATION_LEVEL = "-O";
			};
			name = Release;
		};
		9E5B36C52AE8FA7100AB9A85 /* Debug */ = {
			isa = XCBuildConfiguration;
			buildSettings = {
				ASSETCATALOG_COMPILER_APPICON_NAME = AppIcon;
				ASSETCATALOG_COMPILER_GLOBAL_ACCENT_COLOR_NAME = AccentColor;
				CODE_SIGN_ENTITLEMENTS = SwiftUIDemo/SwiftUIDemo.entitlements;
				CODE_SIGN_STYLE = Automatic;
				CURRENT_PROJECT_VERSION = 1;
				DEAD_CODE_STRIPPING = YES;
				DEVELOPMENT_ASSET_PATHS = "\"SwiftUIDemo/Preview Content\"";
				ENABLE_PREVIEWS = YES;
				GENERATE_INFOPLIST_FILE = YES;
				"INFOPLIST_KEY_UIApplicationSceneManifest_Generation[sdk=iphoneos*]" = YES;
				"INFOPLIST_KEY_UIApplicationSceneManifest_Generation[sdk=iphonesimulator*]" = YES;
				"INFOPLIST_KEY_UIApplicationSupportsIndirectInputEvents[sdk=iphoneos*]" = YES;
				"INFOPLIST_KEY_UIApplicationSupportsIndirectInputEvents[sdk=iphonesimulator*]" = YES;
				"INFOPLIST_KEY_UILaunchScreen_Generation[sdk=iphoneos*]" = YES;
				"INFOPLIST_KEY_UILaunchScreen_Generation[sdk=iphonesimulator*]" = YES;
				"INFOPLIST_KEY_UIStatusBarStyle[sdk=iphoneos*]" = UIStatusBarStyleDefault;
				"INFOPLIST_KEY_UIStatusBarStyle[sdk=iphonesimulator*]" = UIStatusBarStyleDefault;
				INFOPLIST_KEY_UISupportedInterfaceOrientations_iPad = "UIInterfaceOrientationPortrait UIInterfaceOrientationPortraitUpsideDown UIInterfaceOrientationLandscapeLeft UIInterfaceOrientationLandscapeRight";
				INFOPLIST_KEY_UISupportedInterfaceOrientations_iPhone = "UIInterfaceOrientationPortrait UIInterfaceOrientationLandscapeLeft UIInterfaceOrientationLandscapeRight";
				IPHONEOS_DEPLOYMENT_TARGET = 16.4;
				LD_RUNPATH_SEARCH_PATHS = "@executable_path/Frameworks";
				"LD_RUNPATH_SEARCH_PATHS[sdk=macosx*]" = "@executable_path/../Frameworks";
				MACOSX_DEPLOYMENT_TARGET = 13.3;
				MARKETING_VERSION = 1.0;
				PRODUCT_BUNDLE_IDENTIFIER = com.meizu.SwiftUIDemo;
				PRODUCT_NAME = "$(TARGET_NAME)";
				SDKROOT = auto;
				SUPPORTED_PLATFORMS = "iphoneos iphonesimulator macosx";
				SWIFT_EMIT_LOC_STRINGS = YES;
				SWIFT_VERSION = 5.0;
				TARGETED_DEVICE_FAMILY = "1,2";
			};
			name = Debug;
		};
		9E5B36C62AE8FA7100AB9A85 /* Release */ = {
			isa = XCBuildConfiguration;
			buildSettings = {
				ASSETCATALOG_COMPILER_APPICON_NAME = AppIcon;
				ASSETCATALOG_COMPILER_GLOBAL_ACCENT_COLOR_NAME = AccentColor;
				CODE_SIGN_ENTITLEMENTS = SwiftUIDemo/SwiftUIDemo.entitlements;
				CODE_SIGN_STYLE = Automatic;
				CURRENT_PROJECT_VERSION = 1;
				DEAD_CODE_STRIPPING = YES;
				DEVELOPMENT_ASSET_PATHS = "\"SwiftUIDemo/Preview Content\"";
				ENABLE_PREVIEWS = YES;
				GENERATE_INFOPLIST_FILE = YES;
				"INFOPLIST_KEY_UIApplicationSceneManifest_Generation[sdk=iphoneos*]" = YES;
				"INFOPLIST_KEY_UIApplicationSceneManifest_Generation[sdk=iphonesimulator*]" = YES;
				"INFOPLIST_KEY_UIApplicationSupportsIndirectInputEvents[sdk=iphoneos*]" = YES;
				"INFOPLIST_KEY_UIApplicationSupportsIndirectInputEvents[sdk=iphonesimulator*]" = YES;
				"INFOPLIST_KEY_UILaunchScreen_Generation[sdk=iphoneos*]" = YES;
				"INFOPLIST_KEY_UILaunchScreen_Generation[sdk=iphonesimulator*]" = YES;
				"INFOPLIST_KEY_UIStatusBarStyle[sdk=iphoneos*]" = UIStatusBarStyleDefault;
				"INFOPLIST_KEY_UIStatusBarStyle[sdk=iphonesimulator*]" = UIStatusBarStyleDefault;
				INFOPLIST_KEY_UISupportedInterfaceOrientations_iPad = "UIInterfaceOrientationPortrait UIInterfaceOrientationPortraitUpsideDown UIInterfaceOrientationLandscapeLeft UIInterfaceOrientationLandscapeRight";
				INFOPLIST_KEY_UISupportedInterfaceOrientations_iPhone = "UIInterfaceOrientationPortrait UIInterfaceOrientationLandscapeLeft UIInterfaceOrientationLandscapeRight";
				IPHONEOS_DEPLOYMENT_TARGET = 16.4;
				LD_RUNPATH_SEARCH_PATHS = "@executable_path/Frameworks";
				"LD_RUNPATH_SEARCH_PATHS[sdk=macosx*]" = "@executable_path/../Frameworks";
				MACOSX_DEPLOYMENT_TARGET = 13.3;
				MARKETING_VERSION = 1.0;
				PRODUCT_BUNDLE_IDENTIFIER = com.meizu.SwiftUIDemo;
				PRODUCT_NAME = "$(TARGET_NAME)";
				SDKROOT = auto;
				SUPPORTED_PLATFORMS = "iphoneos iphonesimulator macosx";
				SWIFT_EMIT_LOC_STRINGS = YES;
				SWIFT_VERSION = 5.0;
				TARGETED_DEVICE_FAMILY = "1,2";
			};
			name = Release;
		};
		9E5B36C82AE8FA7100AB9A85 /* Debug */ = {
			isa = XCBuildConfiguration;
			buildSettings = {
				ALWAYS_EMBED_SWIFT_STANDARD_LIBRARIES = YES;
				BUNDLE_LOADER = "$(TEST_HOST)";
				CODE_SIGN_STYLE = Automatic;
				CURRENT_PROJECT_VERSION = 1;
				DEAD_CODE_STRIPPING = YES;
				GENERATE_INFOPLIST_FILE = YES;
				IPHONEOS_DEPLOYMENT_TARGET = 16.4;
				MACOSX_DEPLOYMENT_TARGET = 13.3;
				MARKETING_VERSION = 1.0;
				PRODUCT_BUNDLE_IDENTIFIER = com.meizu.SwiftUIDemoTests;
				PRODUCT_NAME = "$(TARGET_NAME)";
				SDKROOT = auto;
				SUPPORTED_PLATFORMS = "iphoneos iphonesimulator macosx";
				SWIFT_EMIT_LOC_STRINGS = NO;
				SWIFT_VERSION = 5.0;
				TARGETED_DEVICE_FAMILY = "1,2";
				TEST_HOST = "$(BUILT_PRODUCTS_DIR)/SwiftUIDemo.app/$(BUNDLE_EXECUTABLE_FOLDER_PATH)/SwiftUIDemo";
			};
			name = Debug;
		};
		9E5B36C92AE8FA7100AB9A85 /* Release */ = {
			isa = XCBuildConfiguration;
			buildSettings = {
				ALWAYS_EMBED_SWIFT_STANDARD_LIBRARIES = YES;
				BUNDLE_LOADER = "$(TEST_HOST)";
				CODE_SIGN_STYLE = Automatic;
				CURRENT_PROJECT_VERSION = 1;
				DEAD_CODE_STRIPPING = YES;
				GENERATE_INFOPLIST_FILE = YES;
				IPHONEOS_DEPLOYMENT_TARGET = 16.4;
				MACOSX_DEPLOYMENT_TARGET = 13.3;
				MARKETING_VERSION = 1.0;
				PRODUCT_BUNDLE_IDENTIFIER = com.meizu.SwiftUIDemoTests;
				PRODUCT_NAME = "$(TARGET_NAME)";
				SDKROOT = auto;
				SUPPORTED_PLATFORMS = "iphoneos iphonesimulator macosx";
				SWIFT_EMIT_LOC_STRINGS = NO;
				SWIFT_VERSION = 5.0;
				TARGETED_DEVICE_FAMILY = "1,2";
				TEST_HOST = "$(BUILT_PRODUCTS_DIR)/SwiftUIDemo.app/$(BUNDLE_EXECUTABLE_FOLDER_PATH)/SwiftUIDemo";
			};
			name = Release;
		};
		9E5B36CB2AE8FA7100AB9A85 /* Debug */ = {
			isa = XCBuildConfiguration;
			buildSettings = {
				ALWAYS_EMBED_SWIFT_STANDARD_LIBRARIES = YES;
				CODE_SIGN_STYLE = Automatic;
				CURRENT_PROJECT_VERSION = 1;
				DEAD_CODE_STRIPPING = YES;
				GENERATE_INFOPLIST_FILE = YES;
				IPHONEOS_DEPLOYMENT_TARGET = 16.4;
				MACOSX_DEPLOYMENT_TARGET = 13.3;
				MARKETING_VERSION = 1.0;
				PRODUCT_BUNDLE_IDENTIFIER = com.meizu.SwiftUIDemoUITests;
				PRODUCT_NAME = "$(TARGET_NAME)";
				SDKROOT = auto;
				SUPPORTED_PLATFORMS = "iphoneos iphonesimulator macosx";
				SWIFT_EMIT_LOC_STRINGS = NO;
				SWIFT_VERSION = 5.0;
				TARGETED_DEVICE_FAMILY = "1,2";
				TEST_TARGET_NAME = SwiftUIDemo;
			};
			name = Debug;
		};
		9E5B36CC2AE8FA7100AB9A85 /* Release */ = {
			isa = XCBuildConfiguration;
			buildSettings = {
				ALWAYS_EMBED_SWIFT_STANDARD_LIBRARIES = YES;
				CODE_SIGN_STYLE = Automatic;
				CURRENT_PROJECT_VERSION = 1;
				DEAD_CODE_STRIPPING = YES;
				GENERATE_INFOPLIST_FILE = YES;
				IPHONEOS_DEPLOYMENT_TARGET = 16.4;
				MACOSX_DEPLOYMENT_TARGET = 13.3;
				MARKETING_VERSION = 1.0;
				PRODUCT_BUNDLE_IDENTIFIER = com.meizu.SwiftUIDemoUITests;
				PRODUCT_NAME = "$(TARGET_NAME)";
				SDKROOT = auto;
				SUPPORTED_PLATFORMS = "iphoneos iphonesimulator macosx";
				SWIFT_EMIT_LOC_STRINGS = NO;
				SWIFT_VERSION = 5.0;
				TARGETED_DEVICE_FAMILY = "1,2";
				TEST_TARGET_NAME = SwiftUIDemo;
			};
			name = Release;
		};
/* End XCBuildConfiguration section */

/* Begin XCConfigurationList section */
		9E5B369A2AE8FA6F00AB9A85 /* Build configuration list for PBXProject "SwiftUIDemo" */ = {
			isa = XCConfigurationList;
			buildConfigurations = (
				9E5B36C22AE8FA7100AB9A85 /* Debug */,
				9E5B36C32AE8FA7100AB9A85 /* Release */,
			);
			defaultConfigurationIsVisible = 0;
			defaultConfigurationName = Release;
		};
		9E5B36C42AE8FA7100AB9A85 /* Build configuration list for PBXNativeTarget "SwiftUIDemo" */ = {
			isa = XCConfigurationList;
			buildConfigurations = (
				9E5B36C52AE8FA7100AB9A85 /* Debug */,
				9E5B36C62AE8FA7100AB9A85 /* Release */,
			);
			defaultConfigurationIsVisible = 0;
			defaultConfigurationName = Release;
		};
		9E5B36C72AE8FA7100AB9A85 /* Build configuration list for PBXNativeTarget "SwiftUIDemoTests" */ = {
			isa = XCConfigurationList;
			buildConfigurations = (
				9E5B36C82AE8FA7100AB9A85 /* Debug */,
				9E5B36C92AE8FA7100AB9A85 /* Release */,
			);
			defaultConfigurationIsVisible = 0;
			defaultConfigurationName = Release;
		};
		9E5B36CA2AE8FA7100AB9A85 /* Build configuration list for PBXNativeTarget "SwiftUIDemoUITests" */ = {
			isa = XCConfigurationList;
			buildConfigurations = (
				9E5B36CB2AE8FA7100AB9A85 /* Debug */,
				9E5B36CC2AE8FA7100AB9A85 /* Release */,
			);
			defaultConfigurationIsVisible = 0;
			defaultConfigurationName = Release;
		};
/* End XCConfigurationList section */
	};
	rootObject = 9E5B36972AE8FA6F00AB9A85 /* Project object */;
}
